
Microsoft Visual Studio Solution File, Format Version 12.00
# Visual Studio 15
VisualStudioVersion = 15.0.28307.1401
MinimumVisualStudioVersion = 10.0.40219.1
Project("{FAE04EC0-301F-11D3-BF4B-00C04F79EFBC}") = "TuristickaAgencija", "TuristickaAgencija\TuristickaAgencija.csproj", "{3EF11932-1D10-43C2-95B9-5128A35533C5}"
EndProject
Global
	GlobalSection(SolutionConfigurationPlatforms) = preSolution
		Debug|Any CPU = Debug|Any CPU
		Release|Any CPU = Release|Any CPU
	EndGlobalSection
	GlobalSection(ProjectConfigurationPlatforms) = postSolution
		{3EF11932-1D10-43C2-95B9-5128A35533C5}.Debug|Any CPU.ActiveCfg = Debug|Any CPU
		{3EF11932-1D10-43C2-95B9-5128A35533C5}.Debug|Any CPU.Build.0 = Debug|Any CPU
		{3EF11932-1D10-43C2-95B9-5128A35533C5}.Release|Any CPU.ActiveCfg = Release|Any CPU
		{3EF11932-1D10-43C2-95B9-5128A35533C5}.Release|Any CPU.Build.0 = Release|Any CPU
	EndGlobalSection
	GlobalSection(SolutionProperties) = preSolution
		HideSolutionNode = FALSE
	EndGlobalSection
	GlobalSection(ExtensibilityGlobals) = postSolution
		SolutionGuid = {F9F50CA5-6626-4DD1-9616-01B83A59A9EB}
	EndGlobalSection
EndGlobal
